// !$*UTF8*$!
{
	archiveVersion = 1;
	classes = {
	};
	objectVersion = 56;
	objects = {

/* Begin PBXBuildFile section */
		842AC0FE2B2E8F7A00ADB0FC /* ForLaterApp.swift in Sources */ = {isa = PBXBuildFile; fileRef = 842AC0FD2B2E8F7A00ADB0FC /* ForLaterApp.swift */; };
		842AC1002B2E8F7A00ADB0FC /* ContentView.swift in Sources */ = {isa = PBXBuildFile; fileRef = 842AC0FF2B2E8F7A00ADB0FC /* ContentView.swift */; };
		842AC1022B2E8F7C00ADB0FC /* Assets.xcassets in Resources */ = {isa = PBXBuildFile; fileRef = 842AC1012B2E8F7C00ADB0FC /* Assets.xcassets */; };
		842AC1052B2E8F7C00ADB0FC /* Preview Assets.xcassets in Resources */ = {isa = PBXBuildFile; fileRef = 842AC1042B2E8F7C00ADB0FC /* Preview Assets.xcassets */; };
		842AC10F2B2E8F7C00ADB0FC /* ForLaterTests.swift in Sources */ = {isa = PBXBuildFile; fileRef = 842AC10E2B2E8F7C00ADB0FC /* ForLaterTests.swift */; };
		842AC1192B2E8F7C00ADB0FC /* ForLaterUITests.swift in Sources */ = {isa = PBXBuildFile; fileRef = 842AC1182B2E8F7C00ADB0FC /* ForLaterUITests.swift */; };
		842AC11B2B2E8F7C00ADB0FC /* ForLaterUITestsLaunchTests.swift in Sources */ = {isa = PBXBuildFile; fileRef = 842AC11A2B2E8F7C00ADB0FC /* ForLaterUITestsLaunchTests.swift */; };
/* End PBXBuildFile section */

/* Begin PBXContainerItemProxy section */
		842AC10B2B2E8F7C00ADB0FC /* PBXContainerItemProxy */ = {
			isa = PBXContainerItemProxy;
			containerPortal = 842AC0F22B2E8F7A00ADB0FC /* Project object */;
			proxyType = 1;
			remoteGlobalIDString = 842AC0F92B2E8F7A00ADB0FC;
			remoteInfo = ForLater;
		};
		842AC1152B2E8F7C00ADB0FC /* PBXContainerItemProxy */ = {
			isa = PBXContainerItemProxy;
			containerPortal = 842AC0F22B2E8F7A00ADB0FC /* Project object */;
			proxyType = 1;
			remoteGlobalIDString = 842AC0F92B2E8F7A00ADB0FC;
			remoteInfo = ForLater;
		};
/* End PBXContainerItemProxy section */

/* Begin PBXFileReference section */
		842AC0FA2B2E8F7A00ADB0FC /* ForLater.app */ = {isa = PBXFileReference; explicitFileType = wrapper.application; includeInIndex = 0; path = ForLater.app; sourceTree = BUILT_PRODUCTS_DIR; };
		842AC0FD2B2E8F7A00ADB0FC /* ForLaterApp.swift */ = {isa = PBXFileReference; lastKnownFileType = sourcecode.swift; path = ForLaterApp.swift; sourceTree = "<group>"; };
		842AC0FF2B2E8F7A00ADB0FC /* ContentView.swift */ = {isa = PBXFileReference; lastKnownFileType = sourcecode.swift; path = ContentView.swift; sourceTree = "<group>"; };
		842AC1012B2E8F7C00ADB0FC /* Assets.xcassets */ = {isa = PBXFileReference; lastKnownFileType = folder.assetcatalog; path = Assets.xcassets; sourceTree = "<group>"; };
		842AC1042B2E8F7C00ADB0FC /* Preview Assets.xcassets */ = {isa = PBXFileReference; lastKnownFileType = folder.assetcatalog; path = "Preview Assets.xcassets"; sourceTree = "<group>"; };
		842AC10A2B2E8F7C00ADB0FC /* ForLaterTests.xctest */ = {isa = PBXFileReference; explicitFileType = wrapper.cfbundle; includeInIndex = 0; path = ForLaterTests.xctest; sourceTree = BUILT_PRODUCTS_DIR; };
		842AC10E2B2E8F7C00ADB0FC /* ForLaterTests.swift */ = {isa = PBXFileReference; lastKnownFileType = sourcecode.swift; path = ForLaterTests.swift; sourceTree = "<group>"; };
		842AC1142B2E8F7C00ADB0FC /* ForLaterUITests.xctest */ = {isa = PBXFileReference; explicitFileType = wrapper.cfbundle; includeInIndex = 0; path = ForLaterUITests.xctest; sourceTree = BUILT_PRODUCTS_DIR; };
		842AC1182B2E8F7C00ADB0FC /* ForLaterUITests.swift */ = {isa = PBXFileReference; lastKnownFileType = sourcecode.swift; path = ForLaterUITests.swift; sourceTree = "<group>"; };
		842AC11A2B2E8F7C00ADB0FC /* ForLaterUITestsLaunchTests.swift */ = {isa = PBXFileReference; lastKnownFileType = sourcecode.swift; path = ForLaterUITestsLaunchTests.swift; sourceTree = "<group>"; };
/* End PBXFileReference section */

/* Begin PBXFrameworksBuildPhase section */
		842AC0F72B2E8F7A00ADB0FC /* Frameworks */ = {
			isa = PBXFrameworksBuildPhase;
			buildActionMask = 2147483647;
			files = (
			);
			runOnlyForDeploymentPostprocessing = 0;
		};
		842AC1072B2E8F7C00ADB0FC /* Frameworks */ = {
			isa = PBXFrameworksBuildPhase;
			buildActionMask = 2147483647;
			files = (
			);
			runOnlyForDeploymentPostprocessing = 0;
		};
		842AC1112B2E8F7C00ADB0FC /* Frameworks */ = {
			isa = PBXFrameworksBuildPhase;
			buildActionMask = 2147483647;
			files = (
			);
			runOnlyForDeploymentPostprocessing = 0;
		};
/* End PBXFrameworksBuildPhase section */

/* Begin PBXGroup section */
		842AC0F12B2E8F7A00ADB0FC = {
			isa = PBXGroup;
			children = (
				842AC0FC2B2E8F7A00ADB0FC /* ForLater */,
				842AC10D2B2E8F7C00ADB0FC /* ForLaterTests */,
				842AC1172B2E8F7C00ADB0FC /* ForLaterUITests */,
				842AC0FB2B2E8F7A00ADB0FC /* Products */,
			);
			sourceTree = "<group>";
		};
		842AC0FB2B2E8F7A00ADB0FC /* Products */ = {
			isa = PBXGroup;
			children = (
				842AC0FA2B2E8F7A00ADB0FC /* ForLater.app */,
				842AC10A2B2E8F7C00ADB0FC /* ForLaterTests.xctest */,
				842AC1142B2E8F7C00ADB0FC /* ForLaterUITests.xctest */,
			);
			name = Products;
			sourceTree = "<group>";
		};
		842AC0FC2B2E8F7A00ADB0FC /* ForLater */ = {
			isa = PBXGroup;
			children = (
				842AC0FD2B2E8F7A00ADB0FC /* ForLaterApp.swift */,
				842AC0FF2B2E8F7A00ADB0FC /* ContentView.swift */,
				842AC1012B2E8F7C00ADB0FC /* Assets.xcassets */,
				842AC1032B2E8F7C00ADB0FC /* Preview Content */,
			);
			path = ForLater;
			sourceTree = "<group>";
		};
		842AC1032B2E8F7C00ADB0FC /* Preview Content */ = {
			isa = PBXGroup;
			children = (
				842AC1042B2E8F7C00ADB0FC /* Preview Assets.xcassets */,
			);
			path = "Preview Content";
			sourceTree = "<group>";
		};
		842AC10D2B2E8F7C00ADB0FC /* ForLaterTests */ = {
			isa = PBXGroup;
			children = (
				842AC10E2B2E8F7C00ADB0FC /* ForLaterTests.swift */,
			);
			path = ForLaterTests;
			sourceTree = "<group>";
		};
		842AC1172B2E8F7C00ADB0FC /* ForLaterUITests */ = {
			isa = PBXGroup;
			children = (
				842AC1182B2E8F7C00ADB0FC /* ForLaterUITests.swift */,
				842AC11A2B2E8F7C00ADB0FC /* ForLaterUITestsLaunchTests.swift */,
			);
			path = ForLaterUITests;
			sourceTree = "<group>";
		};
/* End PBXGroup section */

/* Begin PBXNativeTarget section */
		842AC0F92B2E8F7A00ADB0FC /* ForLater */ = {
			isa = PBXNativeTarget;
			buildConfigurationList = 842AC11E2B2E8F7C00ADB0FC /* Build configuration list for PBXNativeTarget "ForLater" */;
			buildPhases = (
				842AC0F62B2E8F7A00ADB0FC /* Sources */,
				842AC0F72B2E8F7A00ADB0FC /* Frameworks */,
				842AC0F82B2E8F7A00ADB0FC /* Resources */,
			);
			buildRules = (
			);
			dependencies = (
			);
			name = ForLater;
			productName = ForLater;
			productReference = 842AC0FA2B2E8F7A00ADB0FC /* ForLater.app */;
			productType = "com.apple.product-type.application";
		};
		842AC1092B2E8F7C00ADB0FC /* ForLaterTests */ = {
			isa = PBXNativeTarget;
			buildConfigurationList = 842AC1212B2E8F7C00ADB0FC /* Build configuration list for PBXNativeTarget "ForLaterTests" */;
			buildPhases = (
				842AC1062B2E8F7C00ADB0FC /* Sources */,
				842AC1072B2E8F7C00ADB0FC /* Frameworks */,
				842AC1082B2E8F7C00ADB0FC /* Resources */,
			);
			buildRules = (
			);
			dependencies = (
				842AC10C2B2E8F7C00ADB0FC /* PBXTargetDependency */,
			);
			name = ForLaterTests;
			productName = ForLaterTests;
			productReference = 842AC10A2B2E8F7C00ADB0FC /* ForLaterTests.xctest */;
			productType = "com.apple.product-type.bundle.unit-test";
		};
		842AC1132B2E8F7C00ADB0FC /* ForLaterUITests */ = {
			isa = PBXNativeTarget;
			buildConfigurationList = 842AC1242B2E8F7C00ADB0FC /* Build configuration list for PBXNativeTarget "ForLaterUITests" */;
			buildPhases = (
				842AC1102B2E8F7C00ADB0FC /* Sources */,
				842AC1112B2E8F7C00ADB0FC /* Frameworks */,
				842AC1122B2E8F7C00ADB0FC /* Resources */,
			);
			buildRules = (
			);
			dependencies = (
				842AC1162B2E8F7C00ADB0FC /* PBXTargetDependency */,
			);
			name = ForLaterUITests;
			productName = ForLaterUITests;
			productReference = 842AC1142B2E8F7C00ADB0FC /* ForLaterUITests.xctest */;
			productType = "com.apple.product-type.bundle.ui-testing";
		};
/* End PBXNativeTarget section */

/* Begin PBXProject section */
		842AC0F22B2E8F7A00ADB0FC /* Project object */ = {
			isa = PBXProject;
			attributes = {
				BuildIndependentTargetsInParallel = 1;
				LastSwiftUpdateCheck = 1420;
				LastUpgradeCheck = 1420;
				TargetAttributes = {
					842AC0F92B2E8F7A00ADB0FC = {
						CreatedOnToolsVersion = 14.2;
					};
					842AC1092B2E8F7C00ADB0FC = {
						CreatedOnToolsVersion = 14.2;
						TestTargetID = 842AC0F92B2E8F7A00ADB0FC;
					};
					842AC1132B2E8F7C00ADB0FC = {
						CreatedOnToolsVersion = 14.2;
						TestTargetID = 842AC0F92B2E8F7A00ADB0FC;
					};
				};
			};
			buildConfigurationList = 842AC0F52B2E8F7A00ADB0FC /* Build configuration list for PBXProject "ForLater" */;
			compatibilityVersion = "Xcode 14.0";
			developmentRegion = en;
			hasScannedForEncodings = 0;
			knownRegions = (
				en,
				Base,
			);
			mainGroup = 842AC0F12B2E8F7A00ADB0FC;
			productRefGroup = 842AC0FB2B2E8F7A00ADB0FC /* Products */;
			projectDirPath = "";
			projectRoot = "";
			targets = (
				842AC0F92B2E8F7A00ADB0FC /* ForLater */,
				842AC1092B2E8F7C00ADB0FC /* ForLaterTests */,
				842AC1132B2E8F7C00ADB0FC /* ForLaterUITests */,
			);
		};
/* End PBXProject section */

/* Begin PBXResourcesBuildPhase section */
		842AC0F82B2E8F7A00ADB0FC /* Resources */ = {
			isa = PBXResourcesBuildPhase;
			buildActionMask = 2147483647;
			files = (
				842AC1052B2E8F7C00ADB0FC /* Preview Assets.xcassets in Resources */,
				842AC1022B2E8F7C00ADB0FC /* Assets.xcassets in Resources */,
			);
			runOnlyForDeploymentPostprocessing = 0;
		};
		842AC1082B2E8F7C00ADB0FC /* Resources */ = {
			isa = PBXResourcesBuildPhase;
			buildActionMask = 2147483647;
			files = (
			);
			runOnlyForDeploymentPostprocessing = 0;
		};
		842AC1122B2E8F7C00ADB0FC /* Resources */ = {
			isa = PBXResourcesBuildPhase;
			buildActionMask = 2147483647;
			files = (
			);
			runOnlyForDeploymentPostprocessing = 0;
		};
/* End PBXResourcesBuildPhase section */

/* Begin PBXSourcesBuildPhase section */
		842AC0F62B2E8F7A00ADB0FC /* Sources */ = {
			isa = PBXSourcesBuildPhase;
			buildActionMask = 2147483647;
			files = (
				842AC1002B2E8F7A00ADB0FC /* ContentView.swift in Sources */,
				842AC0FE2B2E8F7A00ADB0FC /* ForLaterApp.swift in Sources */,
			);
			runOnlyForDeploymentPostprocessing = 0;
		};
		842AC1062B2E8F7C00ADB0FC /* Sources */ = {
			isa = PBXSourcesBuildPhase;
			buildActionMask = 2147483647;
			files = (
				842AC10F2B2E8F7C00ADB0FC /* ForLaterTests.swift in Sources */,
			);
			runOnlyForDeploymentPostprocessing = 0;
		};
		842AC1102B2E8F7C00ADB0FC /* Sources */ = {
			isa = PBXSourcesBuildPhase;
			buildActionMask = 2147483647;
			files = (
				842AC11B2B2E8F7C00ADB0FC /* ForLaterUITestsLaunchTests.swift in Sources */,
				842AC1192B2E8F7C00ADB0FC /* ForLaterUITests.swift in Sources */,
			);
			runOnlyForDeploymentPostprocessing = 0;
		};
/* End PBXSourcesBuildPhase section */

/* Begin PBXTargetDependency section */
		842AC10C2B2E8F7C00ADB0FC /* PBXTargetDependency */ = {
			isa = PBXTargetDependency;
			target = 842AC0F92B2E8F7A00ADB0FC /* ForLater */;
			targetProxy = 842AC10B2B2E8F7C00ADB0FC /* PBXContainerItemProxy */;
		};
		842AC1162B2E8F7C00ADB0FC /* PBXTargetDependency */ = {
			isa = PBXTargetDependency;
			target = 842AC0F92B2E8F7A00ADB0FC /* ForLater */;
			targetProxy = 842AC1152B2E8F7C00ADB0FC /* PBXContainerItemProxy */;
		};
/* End PBXTargetDependency section */

/* Begin XCBuildConfiguration section */
		842AC11C2B2E8F7C00ADB0FC /* Debug */ = {
			isa = XCBuildConfiguration;
			buildSettings = {
				ALWAYS_SEARCH_USER_PATHS = NO;
				CLANG_ANALYZER_NONNULL = YES;
				CLANG_ANALYZER_NUMBER_OBJECT_CONVERSION = YES_AGGRESSIVE;
				CLANG_CXX_LANGUAGE_STANDARD = "gnu++20";
				CLANG_ENABLE_MODULES = YES;
				CLANG_ENABLE_OBJC_ARC = YES;
				CLANG_ENABLE_OBJC_WEAK = YES;
				CLANG_WARN_BLOCK_CAPTURE_AUTORELEASING = YES;
				CLANG_WARN_BOOL_CONVERSION = YES;
				CLANG_WARN_COMMA = YES;
				CLANG_WARN_CONSTANT_CONVERSION = YES;
				CLANG_WARN_DEPRECATED_OBJC_IMPLEMENTATIONS = YES;
				CLANG_WARN_DIRECT_OBJC_ISA_USAGE = YES_ERROR;
				CLANG_WARN_DOCUMENTATION_COMMENTS = YES;
				CLANG_WARN_EMPTY_BODY = YES;
				CLANG_WARN_ENUM_CONVERSION = YES;
				CLANG_WARN_INFINITE_RECURSION = YES;
				CLANG_WARN_INT_CONVERSION = YES;
				CLANG_WARN_NON_LITERAL_NULL_CONVERSION = YES;
				CLANG_WARN_OBJC_IMPLICIT_RETAIN_SELF = YES;
				CLANG_WARN_OBJC_LITERAL_CONVERSION = YES;
				CLANG_WARN_OBJC_ROOT_CLASS = YES_ERROR;
				CLANG_WARN_QUOTED_INCLUDE_IN_FRAMEWORK_HEADER = YES;
				CLANG_WARN_RANGE_LOOP_ANALYSIS = YES;
				CLANG_WARN_STRICT_PROTOTYPES = YES;
				CLANG_WARN_SUSPICIOUS_MOVE = YES;
				CLANG_WARN_UNGUARDED_AVAILABILITY = YES_AGGRESSIVE;
				CLANG_WARN_UNREACHABLE_CODE = YES;
				CLANG_WARN__DUPLICATE_METHOD_MATCH = YES;
				COPY_PHASE_STRIP = NO;
				DEBUG_INFORMATION_FORMAT = dwarf;
				ENABLE_STRICT_OBJC_MSGSEND = YES;
				ENABLE_TESTABILITY = YES;
				GCC_C_LANGUAGE_STANDARD = gnu11;
				GCC_DYNAMIC_NO_PIC = NO;
				GCC_NO_COMMON_BLOCKS = YES;
				GCC_OPTIMIZATION_LEVEL = 0;
				GCC_PREPROCESSOR_DEFINITIONS = (
					"DEBUG=1",
					"$(inherited)",
				);
				GCC_WARN_64_TO_32_BIT_CONVERSION = YES;
				GCC_WARN_ABOUT_RETURN_TYPE = YES_ERROR;
				GCC_WARN_UNDECLARED_SELECTOR = YES;
				GCC_WARN_UNINITIALIZED_AUTOS = YES_AGGRESSIVE;
				GCC_WARN_UNUSED_FUNCTION = YES;
				GCC_WARN_UNUSED_VARIABLE = YES;
				IPHONEOS_DEPLOYMENT_TARGET = 16.2;
				MTL_ENABLE_DEBUG_INFO = INCLUDE_SOURCE;
				MTL_FAST_MATH = YES;
				ONLY_ACTIVE_ARCH = YES;
				SDKROOT = iphoneos;
				SWIFT_ACTIVE_COMPILATION_CONDITIONS = DEBUG;
				SWIFT_OPTIMIZATION_LEVEL = "-Onone";
			};
			name = Debug;
		};
		842AC11D2B2E8F7C00ADB0FC /* Release */ = {
			isa = XCBuildConfiguration;
			buildSettings = {
				ALWAYS_SEARCH_USER_PATHS = NO;
				CLANG_ANALYZER_NONNULL = YES;
				CLANG_ANALYZER_NUMBER_OBJECT_CONVERSION = YES_AGGRESSIVE;
				CLANG_CXX_LANGUAGE_STANDARD = "gnu++20";
				CLANG_ENABLE_MODULES = YES;
				CLANG_ENABLE_OBJC_ARC = YES;
				CLANG_ENABLE_OBJC_WEAK = YES;
				CLANG_WARN_BLOCK_CAPTURE_AUTORELEASING = YES;
				CLANG_WARN_BOOL_CONVERSION = YES;
				CLANG_WARN_COMMA = YES;
				CLANG_WARN_CONSTANT_CONVERSION = YES;
				CLANG_WARN_DEPRECATED_OBJC_IMPLEMENTATIONS = YES;
				CLANG_WARN_DIRECT_OBJC_ISA_USAGE = YES_ERROR;
				CLANG_WARN_DOCUMENTATION_COMMENTS = YES;
				CLANG_WARN_EMPTY_BODY = YES;
				CLANG_WARN_ENUM_CONVERSION = YES;
				CLANG_WARN_INFINITE_RECURSION = YES;
				CLANG_WARN_INT_CONVERSION = YES;
				CLANG_WARN_NON_LITERAL_NULL_CONVERSION = YES;
				CLANG_WARN_OBJC_IMPLICIT_RETAIN_SELF = YES;
				CLANG_WARN_OBJC_LITERAL_CONVERSION = YES;
				CLANG_WARN_OBJC_ROOT_CLASS = YES_ERROR;
				CLANG_WARN_QUOTED_INCLUDE_IN_FRAMEWORK_HEADER = YES;
				CLANG_WARN_RANGE_LOOP_ANALYSIS = YES;
				CLANG_WARN_STRICT_PROTOTYPES = YES;
				CLANG_WARN_SUSPICIOUS_MOVE = YES;
				CLANG_WARN_UNGUARDED_AVAILABILITY = YES_AGGRESSIVE;
				CLANG_WARN_UNREACHABLE_CODE = YES;
				CLANG_WARN__DUPLICATE_METHOD_MATCH = YES;
				COPY_PHASE_STRIP = NO;
				DEBUG_INFORMATION_FORMAT = "dwarf-with-dsym";
				ENABLE_NS_ASSERTIONS = NO;
				ENABLE_STRICT_OBJC_MSGSEND = YES;
				GCC_C_LANGUAGE_STANDARD = gnu11;
				GCC_NO_COMMON_BLOCKS = YES;
				GCC_WARN_64_TO_32_BIT_CONVERSION = YES;
				GCC_WARN_ABOUT_RETURN_TYPE = YES_ERROR;
				GCC_WARN_UNDECLARED_SELECTOR = YES;
				GCC_WARN_UNINITIALIZED_AUTOS = YES_AGGRESSIVE;
				GCC_WARN_UNUSED_FUNCTION = YES;
				GCC_WARN_UNUSED_VARIABLE = YES;
				IPHONEOS_DEPLOYMENT_TARGET = 16.2;
				MTL_ENABLE_DEBUG_INFO = NO;
				MTL_FAST_MATH = YES;
				SDKROOT = iphoneos;
				SWIFT_COMPILATION_MODE = wholemodule;
				SWIFT_OPTIMIZATION_LEVEL = "-O";
				VALIDATE_PRODUCT = YES;
			};
			name = Release;
		};
		842AC11F2B2E8F7C00ADB0FC /* Debug */ = {
			isa = XCBuildConfiguration;
			buildSettings = {
				ASSETCATALOG_COMPILER_APPICON_NAME = AppIcon;
				ASSETCATALOG_COMPILER_GLOBAL_ACCENT_COLOR_NAME = AccentColor;
				CODE_SIGN_STYLE = Automatic;
				CURRENT_PROJECT_VERSION = 1;
				DEVELOPMENT_ASSET_PATHS = "\"ForLater/Preview Content\"";
				ENABLE_PREVIEWS = YES;
				GENERATE_INFOPLIST_FILE = YES;
				INFOPLIST_KEY_UIApplicationSceneManifest_Generation = YES;
				INFOPLIST_KEY_UIApplicationSupportsIndirectInputEvents = YES;
				INFOPLIST_KEY_UILaunchScreen_Generation = YES;
				INFOPLIST_KEY_UISupportedInterfaceOrientations_iPad = "UIInterfaceOrientationPortrait UIInterfaceOrientationPortraitUpsideDown UIInterfaceOrientationLandscapeLeft UIInterfaceOrientationLandscapeRight";
				INFOPLIST_KEY_UISupportedInterfaceOrientations_iPhone = "UIInterfaceOrientationPortrait UIInterfaceOrientationLandscapeLeft UIInterfaceOrientationLandscapeRight";
				LD_RUNPATH_SEARCH_PATHS = (
					"$(inherited)",
					"@executable_path/Frameworks",
				);
				MARKETING_VERSION = 1.0;
				PRODUCT_BUNDLE_IDENTIFIER = com.stuff.ForLater;
				PRODUCT_NAME = "$(TARGET_NAME)";
				SWIFT_EMIT_LOC_STRINGS = YES;
				SWIFT_VERSION = 5.0;
				TARGETED_DEVICE_FAMILY = "1,2";
			};
			name = Debug;
		};
		842AC1202B2E8F7C00ADB0FC /* Release */ = {
			isa = XCBuildConfiguration;
			buildSettings = {
				ASSETCATALOG_COMPILER_APPICON_NAME = AppIcon;
				ASSETCATALOG_COMPILER_GLOBAL_ACCENT_COLOR_NAME = AccentColor;
				CODE_SIGN_STYLE = Automatic;
				CURRENT_PROJECT_VERSION = 1;
				DEVELOPMENT_ASSET_PATHS = "\"ForLater/Preview Content\"";
				ENABLE_PREVIEWS = YES;
				GENERATE_INFOPLIST_FILE = YES;
				INFOPLIST_KEY_UIApplicationSceneManifest_Generation = YES;
				INFOPLIST_KEY_UIApplicationSupportsIndirectInputEvents = YES;
				INFOPLIST_KEY_UILaunchScreen_Generation = YES;
				INFOPLIST_KEY_UISupportedInterfaceOrientations_iPad = "UIInterfaceOrientationPortrait UIInterfaceOrientationPortraitUpsideDown UIInterfaceOrientationLandscapeLeft UIInterfaceOrientationLandscapeRight";
				INFOPLIST_KEY_UISupportedInterfaceOrientations_iPhone = "UIInterfaceOrientationPortrait UIInterfaceOrientationLandscapeLeft UIInterfaceOrientationLandscapeRight";
				LD_RUNPATH_SEARCH_PATHS = (
					"$(inherited)",
					"@executable_path/Frameworks",
				);
				MARKETING_VERSION = 1.0;
				PRODUCT_BUNDLE_IDENTIFIER = com.stuff.ForLater;
				PRODUCT_NAME = "$(TARGET_NAME)";
				SWIFT_EMIT_LOC_STRINGS = YES;
				SWIFT_VERSION = 5.0;
				TARGETED_DEVICE_FAMILY = "1,2";
			};
			name = Release;
		};
		842AC1222B2E8F7C00ADB0FC /* Debug */ = {
			isa = XCBuildConfiguration;
			buildSettings = {
				ALWAYS_EMBED_SWIFT_STANDARD_LIBRARIES = YES;
				BUNDLE_LOADER = "$(TEST_HOST)";
				CODE_SIGN_STYLE = Automatic;
				CURRENT_PROJECT_VERSION = 1;
				GENERATE_INFOPLIST_FILE = YES;
				IPHONEOS_DEPLOYMENT_TARGET = 16.2;
				MARKETING_VERSION = 1.0;
				PRODUCT_BUNDLE_IDENTIFIER = com.stuff.ForLaterTests;
				PRODUCT_NAME = "$(TARGET_NAME)";
				SWIFT_EMIT_LOC_STRINGS = NO;
				SWIFT_VERSION = 5.0;
				TARGETED_DEVICE_FAMILY = "1,2";
				TEST_HOST = "$(BUILT_PRODUCTS_DIR)/ForLater.app/$(BUNDLE_EXECUTABLE_FOLDER_PATH)/ForLater";
			};
			name = Debug;
		};
		842AC1232B2E8F7C00ADB0FC /* Release */ = {
			isa = XCBuildConfiguration;
			buildSettings = {
				ALWAYS_EMBED_SWIFT_STANDARD_LIBRARIES = YES;
				BUNDLE_LOADER = "$(TEST_HOST)";
				CODE_SIGN_STYLE = Automatic;
				CURRENT_PROJECT_VERSION = 1;
				GENERATE_INFOPLIST_FILE = YES;
				IPHONEOS_DEPLOYMENT_TARGET = 16.2;
				MARKETING_VERSION = 1.0;
				PRODUCT_BUNDLE_IDENTIFIER = com.stuff.ForLaterTests;
				PRODUCT_NAME = "$(TARGET_NAME)";
				SWIFT_EMIT_LOC_STRINGS = NO;
				SWIFT_VERSION = 5.0;
				TARGETED_DEVICE_FAMILY = "1,2";
				TEST_HOST = "$(BUILT_PRODUCTS_DIR)/ForLater.app/$(BUNDLE_EXECUTABLE_FOLDER_PATH)/ForLater";
			};
			name = Release;
		};
		842AC1252B2E8F7C00ADB0FC /* Debug */ = {
			isa = XCBuildConfiguration;
			buildSettings = {
				ALWAYS_EMBED_SWIFT_STANDARD_LIBRARIES = YES;
				CODE_SIGN_STYLE = Automatic;
				CURRENT_PROJECT_VERSION = 1;
				GENERATE_INFOPLIST_FILE = YES;
				MARKETING_VERSION = 1.0;
				PRODUCT_BUNDLE_IDENTIFIER = com.stuff.ForLaterUITests;
				PRODUCT_NAME = "$(TARGET_NAME)";
				SWIFT_EMIT_LOC_STRINGS = NO;
				SWIFT_VERSION = 5.0;
				TARGETED_DEVICE_FAMILY = "1,2";
				TEST_TARGET_NAME = ForLater;
			};
			name = Debug;
		};
		842AC1262B2E8F7C00ADB0FC /* Release */ = {
			isa = XCBuildConfiguration;
			buildSettings = {
				ALWAYS_EMBED_SWIFT_STANDARD_LIBRARIES = YES;
				CODE_SIGN_STYLE = Automatic;
				CURRENT_PROJECT_VERSION = 1;
				GENERATE_INFOPLIST_FILE = YES;
				MARKETING_VERSION = 1.0;
				PRODUCT_BUNDLE_IDENTIFIER = com.stuff.ForLaterUITests;
				PRODUCT_NAME = "$(TARGET_NAME)";
				SWIFT_EMIT_LOC_STRINGS = NO;
				SWIFT_VERSION = 5.0;
				TARGETED_DEVICE_FAMILY = "1,2";
				TEST_TARGET_NAME = ForLater;
			};
			name = Release;
		};
/* End XCBuildConfiguration section */

/* Begin XCConfigurationList section */
		842AC0F52B2E8F7A00ADB0FC /* Build configuration list for PBXProject "ForLater" */ = {
			isa = XCConfigurationList;
			buildConfigurations = (
				842AC11C2B2E8F7C00ADB0FC /* Debug */,
				842AC11D2B2E8F7C00ADB0FC /* Release */,
			);
			defaultConfigurationIsVisible = 0;
			defaultConfigurationName = Release;
		};
		842AC11E2B2E8F7C00ADB0FC /* Build configuration list for PBXNativeTarget "ForLater" */ = {
			isa = XCConfigurationList;
			buildConfigurations = (
				842AC11F2B2E8F7C00ADB0FC /* Debug */,
				842AC1202B2E8F7C00ADB0FC /* Release */,
			);
			defaultConfigurationIsVisible = 0;
			defaultConfigurationName = Release;
		};
		842AC1212B2E8F7C00ADB0FC /* Build configuration list for PBXNativeTarget "ForLaterTests" */ = {
			isa = XCConfigurationList;
			buildConfigurations = (
				842AC1222B2E8F7C00ADB0FC /* Debug */,
				842AC1232B2E8F7C00ADB0FC /* Release */,
			);
			defaultConfigurationIsVisible = 0;
			defaultConfigurationName = Release;
		};
		842AC1242B2E8F7C00ADB0FC /* Build configuration list for PBXNativeTarget "ForLaterUITests" */ = {
			isa = XCConfigurationList;
			buildConfigurations = (
				842AC1252B2E8F7C00ADB0FC /* Debug */,
				842AC1262B2E8F7C00ADB0FC /* Release */,
			);
			defaultConfigurationIsVisible = 0;
			defaultConfigurationName = Release;
		};
/* End XCConfigurationList section */
	};
	rootObject = 842AC0F22B2E8F7A00ADB0FC /* Project object */;
}
